{
  "name": "perseo",
  "version": "1.5.0-next",
  "dependencies": {
    "async": {
      "version": "0.9.0",
      "from": "https://registry.npmjs.org/async/-/async-0.9.0.tgz",
      "resolved": "https://registry.npmjs.org/async/-/async-0.9.0.tgz"
    },
    "body-parser": {
      "version": "1.10.1",
      "from": "https://registry.npmjs.org/body-parser/-/body-parser-1.10.1.tgz",
      "resolved": "https://registry.npmjs.org/body-parser/-/body-parser-1.10.1.tgz",
      "dependencies": {
        "bytes": {
          "version": "1.0.0",
          "from": "https://registry.npmjs.org/bytes/-/bytes-1.0.0.tgz",
          "resolved": "https://registry.npmjs.org/bytes/-/bytes-1.0.0.tgz"
        },
        "depd": {
          "version": "1.0.0",
          "from": "depd@1.0.0",
          "resolved": "https://registry.npmjs.org/depd/-/depd-1.0.0.tgz"
        },
        "iconv-lite": {
          "version": "0.4.5",
          "from": "https://registry.npmjs.org/iconv-lite/-/iconv-lite-0.4.5.tgz",
          "resolved": "https://registry.npmjs.org/iconv-lite/-/iconv-lite-0.4.5.tgz"
        },
        "media-typer": {
          "version": "0.3.0",
          "from": "https://registry.npmjs.org/media-typer/-/media-typer-0.3.0.tgz",
          "resolved": "https://registry.npmjs.org/media-typer/-/media-typer-0.3.0.tgz"
        },
        "on-finished": {
          "version": "2.2.0",
          "from": "https://registry.npmjs.org/on-finished/-/on-finished-2.2.0.tgz",
          "resolved": "https://registry.npmjs.org/on-finished/-/on-finished-2.2.0.tgz",
          "dependencies": {
            "ee-first": {
              "version": "1.1.0",
              "from": "https://registry.npmjs.org/ee-first/-/ee-first-1.1.0.tgz",
              "resolved": "https://registry.npmjs.org/ee-first/-/ee-first-1.1.0.tgz"
            }
          }
        },
        "qs": {
          "version": "2.3.3",
          "from": "qs@2.3.3",
          "resolved": "https://registry.npmjs.org/qs/-/qs-2.3.3.tgz"
        },
        "raw-body": {
          "version": "1.3.1",
          "from": "https://registry.npmjs.org/raw-body/-/raw-body-1.3.1.tgz",
          "resolved": "https://registry.npmjs.org/raw-body/-/raw-body-1.3.1.tgz"
        },
        "type-is": {
          "version": "1.5.5",
          "from": "https://registry.npmjs.org/type-is/-/type-is-1.5.5.tgz",
          "resolved": "https://registry.npmjs.org/type-is/-/type-is-1.5.5.tgz",
          "dependencies": {
            "mime-types": {
              "version": "2.0.7",
              "from": "https://registry.npmjs.org/mime-types/-/mime-types-2.0.7.tgz",
              "resolved": "https://registry.npmjs.org/mime-types/-/mime-types-2.0.7.tgz",
              "dependencies": {
                "mime-db": {
                  "version": "1.5.0",
                  "from": "https://registry.npmjs.org/mime-db/-/mime-db-1.5.0.tgz",
                  "resolved": "https://registry.npmjs.org/mime-db/-/mime-db-1.5.0.tgz"
                }
              }
            }
          }
        }
      }
    },
    "closure-linter-wrapper": {
      "version": "0.2.9",
      "from": "https://registry.npmjs.org/closure-linter-wrapper/-/closure-linter-wrapper-0.2.9.tgz",
      "resolved": "https://registry.npmjs.org/closure-linter-wrapper/-/closure-linter-wrapper-0.2.9.tgz",
      "dependencies": {
        "colors": {
          "version": "0.6.2",
          "from": "https://registry.npmjs.org/colors/-/colors-0.6.2.tgz",
          "resolved": "https://registry.npmjs.org/colors/-/colors-0.6.2.tgz"
        }
      }
    },
    "express": {
      "version": "4.10.7",
      "from": "https://registry.npmjs.org/express/-/express-4.10.7.tgz",
      "resolved": "https://registry.npmjs.org/express/-/express-4.10.7.tgz",
      "dependencies": {
        "accepts": {
          "version": "1.1.4",
          "from": "https://registry.npmjs.org/accepts/-/accepts-1.1.4.tgz",
          "resolved": "https://registry.npmjs.org/accepts/-/accepts-1.1.4.tgz",
          "dependencies": {
            "mime-types": {
              "version": "2.0.7",
              "from": "https://registry.npmjs.org/mime-types/-/mime-types-2.0.7.tgz",
              "resolved": "https://registry.npmjs.org/mime-types/-/mime-types-2.0.7.tgz",
              "dependencies": {
                "mime-db": {
                  "version": "1.5.0",
                  "from": "https://registry.npmjs.org/mime-db/-/mime-db-1.5.0.tgz",
                  "resolved": "https://registry.npmjs.org/mime-db/-/mime-db-1.5.0.tgz"
                }
              }
            },
            "negotiator": {
              "version": "0.4.9",
              "from": "https://registry.npmjs.org/negotiator/-/negotiator-0.4.9.tgz",
              "resolved": "https://registry.npmjs.org/negotiator/-/negotiator-0.4.9.tgz"
            }
          }
        },
        "content-disposition": {
          "version": "0.5.0",
          "from": "https://registry.npmjs.org/content-disposition/-/content-disposition-0.5.0.tgz",
          "resolved": "https://registry.npmjs.org/content-disposition/-/content-disposition-0.5.0.tgz"
        },
        "cookie-signature": {
          "version": "1.0.5",
          "from": "https://registry.npmjs.org/cookie-signature/-/cookie-signature-1.0.5.tgz",
          "resolved": "https://registry.npmjs.org/cookie-signature/-/cookie-signature-1.0.5.tgz"
        },
        "debug": {
          "version": "2.1.1",
          "from": "https://registry.npmjs.org/debug/-/debug-2.1.1.tgz",
          "resolved": "https://registry.npmjs.org/debug/-/debug-2.1.1.tgz",
          "dependencies": {
            "ms": {
              "version": "0.6.2",
              "from": "https://registry.npmjs.org/ms/-/ms-0.6.2.tgz",
              "resolved": "https://registry.npmjs.org/ms/-/ms-0.6.2.tgz"
            }
          }
        },
        "depd": {
          "version": "1.0.0",
          "from": "depd@1.0.0",
          "resolved": "https://registry.npmjs.org/depd/-/depd-1.0.0.tgz"
        },
        "escape-html": {
          "version": "1.0.1",
          "from": "https://registry.npmjs.org/escape-html/-/escape-html-1.0.1.tgz",
          "resolved": "https://registry.npmjs.org/escape-html/-/escape-html-1.0.1.tgz"
        },
        "etag": {
          "version": "1.5.1",
          "from": "https://registry.npmjs.org/etag/-/etag-1.5.1.tgz",
          "resolved": "https://registry.npmjs.org/etag/-/etag-1.5.1.tgz",
          "dependencies": {
            "crc": {
              "version": "3.2.1",
              "from": "https://registry.npmjs.org/crc/-/crc-3.2.1.tgz",
              "resolved": "https://registry.npmjs.org/crc/-/crc-3.2.1.tgz"
            }
          }
        },
        "finalhandler": {
          "version": "0.3.3",
          "from": "https://registry.npmjs.org/finalhandler/-/finalhandler-0.3.3.tgz",
          "resolved": "https://registry.npmjs.org/finalhandler/-/finalhandler-0.3.3.tgz"
        },
        "fresh": {
          "version": "0.2.4",
          "from": "https://registry.npmjs.org/fresh/-/fresh-0.2.4.tgz",
          "resolved": "https://registry.npmjs.org/fresh/-/fresh-0.2.4.tgz"
        },
        "media-typer": {
          "version": "0.3.0",
          "from": "https://registry.npmjs.org/media-typer/-/media-typer-0.3.0.tgz",
          "resolved": "https://registry.npmjs.org/media-typer/-/media-typer-0.3.0.tgz"
        },
        "methods": {
          "version": "1.1.1",
          "from": "https://registry.npmjs.org/methods/-/methods-1.1.1.tgz",
          "resolved": "https://registry.npmjs.org/methods/-/methods-1.1.1.tgz"
        },
        "on-finished": {
          "version": "2.2.0",
          "from": "https://registry.npmjs.org/on-finished/-/on-finished-2.2.0.tgz",
          "resolved": "https://registry.npmjs.org/on-finished/-/on-finished-2.2.0.tgz",
          "dependencies": {
            "ee-first": {
              "version": "1.1.0",
              "from": "https://registry.npmjs.org/ee-first/-/ee-first-1.1.0.tgz",
              "resolved": "https://registry.npmjs.org/ee-first/-/ee-first-1.1.0.tgz"
            }
          }
        },
        "parseurl": {
          "version": "1.3.0",
          "from": "parseurl@1.3.0",
          "resolved": "https://registry.npmjs.org/parseurl/-/parseurl-1.3.0.tgz"
        },
        "path-to-regexp": {
          "version": "0.1.3",
          "from": "https://registry.npmjs.org/path-to-regexp/-/path-to-regexp-0.1.3.tgz",
          "resolved": "https://registry.npmjs.org/path-to-regexp/-/path-to-regexp-0.1.3.tgz"
        },
        "proxy-addr": {
          "version": "1.0.4",
          "from": "https://registry.npmjs.org/proxy-addr/-/proxy-addr-1.0.4.tgz",
          "resolved": "https://registry.npmjs.org/proxy-addr/-/proxy-addr-1.0.4.tgz",
          "dependencies": {
            "forwarded": {
              "version": "0.1.0",
              "from": "forwarded@0.1.0",
              "resolved": "https://registry.npmjs.org/forwarded/-/forwarded-0.1.0.tgz"
            },
            "ipaddr.js": {
              "version": "0.1.5",
              "from": "https://registry.npmjs.org/ipaddr.js/-/ipaddr.js-0.1.5.tgz",
              "resolved": "https://registry.npmjs.org/ipaddr.js/-/ipaddr.js-0.1.5.tgz"
            }
          }
        },
        "qs": {
          "version": "2.3.3",
          "from": "qs@2.3.3",
          "resolved": "https://registry.npmjs.org/qs/-/qs-2.3.3.tgz"
        },
        "range-parser": {
          "version": "1.0.2",
          "from": "range-parser@1.0.2",
          "resolved": "https://registry.npmjs.org/range-parser/-/range-parser-1.0.2.tgz"
        },
        "send": {
          "version": "0.10.1",
          "from": "https://registry.npmjs.org/send/-/send-0.10.1.tgz",
          "resolved": "https://registry.npmjs.org/send/-/send-0.10.1.tgz",
          "dependencies": {
            "destroy": {
              "version": "1.0.3",
              "from": "https://registry.npmjs.org/destroy/-/destroy-1.0.3.tgz",
              "resolved": "https://registry.npmjs.org/destroy/-/destroy-1.0.3.tgz"
            },
            "mime": {
              "version": "1.2.11",
              "from": "mime@1.2.11",
              "resolved": "https://registry.npmjs.org/mime/-/mime-1.2.11.tgz"
            },
            "ms": {
              "version": "0.6.2",
              "from": "https://registry.npmjs.org/ms/-/ms-0.6.2.tgz",
              "resolved": "https://registry.npmjs.org/ms/-/ms-0.6.2.tgz"
            },
            "on-finished": {
              "version": "2.1.1",
              "from": "on-finished@2.1.1",
              "resolved": "https://registry.npmjs.org/on-finished/-/on-finished-2.1.1.tgz",
              "dependencies": {
                "ee-first": {
                  "version": "1.1.0",
                  "from": "https://registry.npmjs.org/ee-first/-/ee-first-1.1.0.tgz",
                  "resolved": "https://registry.npmjs.org/ee-first/-/ee-first-1.1.0.tgz"
                }
              }
            }
          }
        },
        "serve-static": {
          "version": "1.7.2",
          "from": "https://registry.npmjs.org/serve-static/-/serve-static-1.7.2.tgz",
          "resolved": "https://registry.npmjs.org/serve-static/-/serve-static-1.7.2.tgz"
        },
        "type-is": {
          "version": "1.5.5",
          "from": "https://registry.npmjs.org/type-is/-/type-is-1.5.5.tgz",
          "resolved": "https://registry.npmjs.org/type-is/-/type-is-1.5.5.tgz",
          "dependencies": {
            "mime-types": {
              "version": "2.0.7",
              "from": "https://registry.npmjs.org/mime-types/-/mime-types-2.0.7.tgz",
              "resolved": "https://registry.npmjs.org/mime-types/-/mime-types-2.0.7.tgz",
              "dependencies": {
                "mime-db": {
                  "version": "1.5.0",
                  "from": "https://registry.npmjs.org/mime-db/-/mime-db-1.5.0.tgz",
                  "resolved": "https://registry.npmjs.org/mime-db/-/mime-db-1.5.0.tgz"
                }
              }
            }
          }
        },
        "vary": {
          "version": "1.0.0",
          "from": "vary@1.0.0",
          "resolved": "https://registry.npmjs.org/vary/-/vary-1.0.0.tgz"
        },
        "cookie": {
          "version": "0.1.2",
          "from": "https://registry.npmjs.org/cookie/-/cookie-0.1.2.tgz",
          "resolved": "https://registry.npmjs.org/cookie/-/cookie-0.1.2.tgz"
        },
        "merge-descriptors": {
          "version": "0.0.2",
          "from": "https://registry.npmjs.org/merge-descriptors/-/merge-descriptors-0.0.2.tgz",
          "resolved": "https://registry.npmjs.org/merge-descriptors/-/merge-descriptors-0.0.2.tgz"
        },
        "utils-merge": {
          "version": "1.0.0",
          "from": "https://registry.npmjs.org/utils-merge/-/utils-merge-1.0.0.tgz",
          "resolved": "https://registry.npmjs.org/utils-merge/-/utils-merge-1.0.0.tgz"
        }
      }
    },
    "logops": {
      "version": "1.0.0-alpha.7",
      "from": "logops@1.0.0-alpha.7",
      "resolved": "https://registry.npmjs.org/logops/-/logops-1.0.0-alpha.7.tgz",
      "dependencies": {
        "colors": {
          "version": "1.1.2",
          "from": "colors@^1.1.2",
          "resolved": "https://registry.npmjs.org/colors/-/colors-1.1.2.tgz"
        },
        "json-stringify-safe": {
          "version": "5.0.1",
          "from": "json-stringify-safe@^5.0.1",
          "resolved": "https://registry.npmjs.org/json-stringify-safe/-/json-stringify-safe-5.0.1.tgz"
        },
        "lodash.omit": {
          "version": "4.1.2",
          "from": "lodash.omit@^4.1.0",
          "resolved": "https://registry.npmjs.org/lodash.omit/-/lodash.omit-4.1.2.tgz",
          "dependencies": {
            "lodash._basedifference": {
              "version": "4.4.1",
              "from": "lodash._basedifference@~4.4.0",
              "resolved": "https://registry.npmjs.org/lodash._basedifference/-/lodash._basedifference-4.4.1.tgz",
              "dependencies": {
                "lodash._setcache": {
                  "version": "4.1.2",
                  "from": "lodash._setcache@~4.1.0",
                  "resolved": "https://registry.npmjs.org/lodash._setcache/-/lodash._setcache-4.1.2.tgz"
                }
              }
            },
            "lodash._baseflatten": {
              "version": "4.1.1",
              "from": "lodash._baseflatten@~4.1.0",
              "resolved": "https://registry.npmjs.org/lodash._baseflatten/-/lodash._baseflatten-4.1.1.tgz"
            },
            "lodash.keysin": {
              "version": "4.1.3",
              "from": "lodash.keysin@^4.0.0",
              "resolved": "https://registry.npmjs.org/lodash.keysin/-/lodash.keysin-4.1.3.tgz"
            },
            "lodash.rest": {
              "version": "4.0.2",
              "from": "lodash.rest@^4.0.0",
              "resolved": "https://registry.npmjs.org/lodash.rest/-/lodash.rest-4.0.2.tgz"
            }
          }
        },
        "serr": {
          "version": "0.2.0",
          "from": "serr@^0.2.0",
          "resolved": "https://registry.npmjs.org/serr/-/serr-0.2.0.tgz",
          "dependencies": {
            "lodash.isfunction": {
              "version": "3.0.8",
              "from": "lodash.isfunction@^3.0.6",
              "resolved": "https://registry.npmjs.org/lodash.isfunction/-/lodash.isfunction-3.0.8.tgz"
            },
            "lodash.isobject": {
              "version": "3.0.2",
              "from": "lodash.isobject@^3.0.2",
              "resolved": "https://registry.npmjs.org/lodash.isobject/-/lodash.isobject-3.0.2.tgz"
            }
          }
        }
      }
    },
    "mongodb": {
      "version": "2.2.19",
      "from": "mongodb@2.2.19",
      "resolved": "https://registry.npmjs.org/mongodb/-/mongodb-2.2.19.tgz",
      "dependencies": {
        "es6-promise": {
          "version": "3.2.1",
          "from": "es6-promise@3.2.1",
          "resolved": "https://registry.npmjs.org/es6-promise/-/es6-promise-3.2.1.tgz"
        },
        "mongodb-core": {
          "version": "2.1.4",
          "from": "mongodb-core@2.1.4",
          "resolved": "https://registry.npmjs.org/mongodb-core/-/mongodb-core-2.1.4.tgz",
          "dependencies": {
            "bson": {
              "version": "1.0.4",
              "from": "bson@~1.0.3",
              "resolved": "https://registry.npmjs.org/bson/-/bson-1.0.4.tgz"
            },
            "require_optional": {
              "version": "1.0.0",
              "from": "require_optional@~1.0.0",
              "resolved": "https://registry.npmjs.org/require_optional/-/require_optional-1.0.0.tgz",
              "dependencies": {
                "semver": {
                  "version": "5.3.0",
                  "from": "semver@^5.1.0",
                  "resolved": "https://registry.npmjs.org/semver/-/semver-5.3.0.tgz"
                },
                "resolve-from": {
                  "version": "2.0.0",
                  "from": "resolve-from@^2.0.0",
                  "resolved": "https://registry.npmjs.org/resolve-from/-/resolve-from-2.0.0.tgz"
                }
              }
            }
          }
        },
        "readable-stream": {
          "version": "2.1.5",
          "from": "readable-stream@2.1.5",
          "resolved": "https://registry.npmjs.org/readable-stream/-/readable-stream-2.1.5.tgz",
          "dependencies": {
            "buffer-shims": {
              "version": "1.0.0",
              "from": "buffer-shims@^1.0.0",
              "resolved": "https://registry.npmjs.org/buffer-shims/-/buffer-shims-1.0.0.tgz"
            },
            "core-util-is": {
              "version": "1.0.2",
              "from": "core-util-is@~1.0.0",
              "resolved": "https://registry.npmjs.org/core-util-is/-/core-util-is-1.0.2.tgz"
            },
            "inherits": {
              "version": "2.0.3",
              "from": "inherits@~2.0.1",
              "resolved": "https://registry.npmjs.org/inherits/-/inherits-2.0.3.tgz"
            },
            "isarray": {
              "version": "1.0.0",
              "from": "isarray@~1.0.0",
              "resolved": "https://registry.npmjs.org/isarray/-/isarray-1.0.0.tgz"
            },
            "process-nextick-args": {
              "version": "1.0.7",
              "from": "process-nextick-args@~1.0.6",
              "resolved": "https://registry.npmjs.org/process-nextick-args/-/process-nextick-args-1.0.7.tgz"
            },
            "string_decoder": {
              "version": "0.10.31",
              "from": "string_decoder@~0.10.x",
              "resolved": "https://registry.npmjs.org/string_decoder/-/string_decoder-0.10.31.tgz"
            },
            "util-deprecate": {
              "version": "1.0.2",
              "from": "util-deprecate@~1.0.1",
              "resolved": "https://registry.npmjs.org/util-deprecate/-/util-deprecate-1.0.2.tgz"
            }
          }
        }
      }
    },
    "nodemailer": {
      "version": "1.3.0",
      "from": "https://registry.npmjs.org/nodemailer/-/nodemailer-1.3.0.tgz",
      "resolved": "https://registry.npmjs.org/nodemailer/-/nodemailer-1.3.0.tgz",
      "dependencies": {
        "buildmail": {
          "version": "1.2.0",
          "from": "https://registry.npmjs.org/buildmail/-/buildmail-1.2.0.tgz",
          "resolved": "https://registry.npmjs.org/buildmail/-/buildmail-1.2.0.tgz",
          "dependencies": {
            "addressparser": {
              "version": "0.3.2",
              "from": "https://registry.npmjs.org/addressparser/-/addressparser-0.3.2.tgz",
              "resolved": "https://registry.npmjs.org/addressparser/-/addressparser-0.3.2.tgz"
            },
            "libbase64": {
              "version": "0.1.0",
              "from": "https://registry.npmjs.org/libbase64/-/libbase64-0.1.0.tgz",
              "resolved": "https://registry.npmjs.org/libbase64/-/libbase64-0.1.0.tgz"
            },
            "libqp": {
              "version": "0.1.1",
              "from": "https://registry.npmjs.org/libqp/-/libqp-0.1.1.tgz",
              "resolved": "https://registry.npmjs.org/libqp/-/libqp-0.1.1.tgz"
            }
          }
        },
        "hyperquest": {
          "version": "0.3.0",
          "from": "https://registry.npmjs.org/hyperquest/-/hyperquest-0.3.0.tgz",
          "resolved": "https://registry.npmjs.org/hyperquest/-/hyperquest-0.3.0.tgz",
          "dependencies": {
            "through": {
              "version": "2.2.7",
              "from": "https://registry.npmjs.org/through/-/through-2.2.7.tgz",
              "resolved": "https://registry.npmjs.org/through/-/through-2.2.7.tgz"
            },
            "duplexer": {
              "version": "0.1.1",
              "from": "https://registry.npmjs.org/duplexer/-/duplexer-0.1.1.tgz",
              "resolved": "https://registry.npmjs.org/duplexer/-/duplexer-0.1.1.tgz"
            }
          }
        },
        "libmime": {
          "version": "0.1.6",
          "from": "https://registry.npmjs.org/libmime/-/libmime-0.1.6.tgz",
          "resolved": "https://registry.npmjs.org/libmime/-/libmime-0.1.6.tgz",
          "dependencies": {
            "iconv-lite": {
              "version": "0.4.5",
              "from": "https://registry.npmjs.org/iconv-lite/-/iconv-lite-0.4.5.tgz",
              "resolved": "https://registry.npmjs.org/iconv-lite/-/iconv-lite-0.4.5.tgz"
            },
            "libbase64": {
              "version": "0.1.0",
              "from": "https://registry.npmjs.org/libbase64/-/libbase64-0.1.0.tgz",
              "resolved": "https://registry.npmjs.org/libbase64/-/libbase64-0.1.0.tgz"
            },
            "libqp": {
              "version": "0.1.1",
              "from": "https://registry.npmjs.org/libqp/-/libqp-0.1.1.tgz",
              "resolved": "https://registry.npmjs.org/libqp/-/libqp-0.1.1.tgz"
            }
          }
        },
        "nodemailer-direct-transport": {
          "version": "1.0.0",
          "from": "https://registry.npmjs.org/nodemailer-direct-transport/-/nodemailer-direct-transport-1.0.0.tgz",
          "resolved": "https://registry.npmjs.org/nodemailer-direct-transport/-/nodemailer-direct-transport-1.0.0.tgz",
          "dependencies": {
            "smtp-connection": {
              "version": "0.1.7",
              "from": "https://registry.npmjs.org/smtp-connection/-/smtp-connection-0.1.7.tgz",
              "resolved": "https://registry.npmjs.org/smtp-connection/-/smtp-connection-0.1.7.tgz"
            }
          }
        }
      }
    },
    "nodemailer-smtp-transport": {
      "version": "0.1.13",
      "from": "https://registry.npmjs.org/nodemailer-smtp-transport/-/nodemailer-smtp-transport-0.1.13.tgz",
      "resolved": "https://registry.npmjs.org/nodemailer-smtp-transport/-/nodemailer-smtp-transport-0.1.13.tgz",
      "dependencies": {
        "nodemailer-wellknown": {
          "version": "0.1.4",
          "from": "https://registry.npmjs.org/nodemailer-wellknown/-/nodemailer-wellknown-0.1.4.tgz",
          "resolved": "https://registry.npmjs.org/nodemailer-wellknown/-/nodemailer-wellknown-0.1.4.tgz"
        },
        "smtp-connection": {
          "version": "1.1.0",
          "from": "https://registry.npmjs.org/smtp-connection/-/smtp-connection-1.1.0.tgz",
          "resolved": "https://registry.npmjs.org/smtp-connection/-/smtp-connection-1.1.0.tgz"
        }
      }
    },
    "request": {
      "version": "2.51.0",
      "from": "https://registry.npmjs.org/request/-/request-2.51.0.tgz",
      "resolved": "https://registry.npmjs.org/request/-/request-2.51.0.tgz",
      "dependencies": {
        "bl": {
          "version": "0.9.3",
          "from": "bl@0.9.3",
          "resolved": "https://registry.npmjs.org/bl/-/bl-0.9.3.tgz",
          "dependencies": {
            "readable-stream": {
              "version": "1.0.33",
              "from": "readable-stream@1.0.33",
              "resolved": "https://registry.npmjs.org/readable-stream/-/readable-stream-1.0.33.tgz",
              "dependencies": {
                "core-util-is": {
                  "version": "1.0.1",
                  "from": "https://registry.npmjs.org/core-util-is/-/core-util-is-1.0.1.tgz",
                  "resolved": "https://registry.npmjs.org/core-util-is/-/core-util-is-1.0.1.tgz"
                },
                "isarray": {
                  "version": "0.0.1",
                  "from": "https://registry.npmjs.org/isarray/-/isarray-0.0.1.tgz",
                  "resolved": "https://registry.npmjs.org/isarray/-/isarray-0.0.1.tgz"
                },
                "string_decoder": {
                  "version": "0.10.31",
                  "from": "string_decoder@0.10.31",
                  "resolved": "https://registry.npmjs.org/string_decoder/-/string_decoder-0.10.31.tgz"
                },
                "inherits": {
                  "version": "2.0.1",
                  "from": "inherits@2.0.1"
                }
              }
            }
          }
        },
        "caseless": {
          "version": "0.8.0",
          "from": "https://registry.npmjs.org/caseless/-/caseless-0.8.0.tgz",
          "resolved": "https://registry.npmjs.org/caseless/-/caseless-0.8.0.tgz"
        },
        "forever-agent": {
          "version": "0.5.2",
          "from": "forever-agent@0.5.2",
          "resolved": "https://registry.npmjs.org/forever-agent/-/forever-agent-0.5.2.tgz"
        },
        "form-data": {
          "version": "0.2.0",
          "from": "https://registry.npmjs.org/form-data/-/form-data-0.2.0.tgz",
          "resolved": "https://registry.npmjs.org/form-data/-/form-data-0.2.0.tgz",
          "dependencies": {
            "mime-types": {
              "version": "2.0.7",
              "from": "https://registry.npmjs.org/mime-types/-/mime-types-2.0.7.tgz",
              "resolved": "https://registry.npmjs.org/mime-types/-/mime-types-2.0.7.tgz",
              "dependencies": {
                "mime-db": {
                  "version": "1.5.0",
                  "from": "https://registry.npmjs.org/mime-db/-/mime-db-1.5.0.tgz",
                  "resolved": "https://registry.npmjs.org/mime-db/-/mime-db-1.5.0.tgz"
                }
              }
            }
          }
        },
        "json-stringify-safe": {
          "version": "5.0.0",
          "from": "https://registry.npmjs.org/json-stringify-safe/-/json-stringify-safe-5.0.0.tgz",
          "resolved": "https://registry.npmjs.org/json-stringify-safe/-/json-stringify-safe-5.0.0.tgz"
        },
        "mime-types": {
          "version": "1.0.2",
          "from": "mime-types@1.0.2",
          "resolved": "https://registry.npmjs.org/mime-types/-/mime-types-1.0.2.tgz"
        },
        "node-uuid": {
          "version": "1.4.2",
          "from": "https://registry.npmjs.org/node-uuid/-/node-uuid-1.4.2.tgz",
          "resolved": "https://registry.npmjs.org/node-uuid/-/node-uuid-1.4.2.tgz"
        },
        "qs": {
          "version": "2.3.3",
          "from": "qs@2.3.3",
          "resolved": "https://registry.npmjs.org/qs/-/qs-2.3.3.tgz"
        },
        "tunnel-agent": {
          "version": "0.4.0",
          "from": "https://registry.npmjs.org/tunnel-agent/-/tunnel-agent-0.4.0.tgz",
          "resolved": "https://registry.npmjs.org/tunnel-agent/-/tunnel-agent-0.4.0.tgz"
        },
        "tough-cookie": {
          "version": "0.12.1",
          "from": "https://registry.npmjs.org/tough-cookie/-/tough-cookie-0.12.1.tgz",
          "resolved": "https://registry.npmjs.org/tough-cookie/-/tough-cookie-0.12.1.tgz",
          "dependencies": {
            "punycode": {
              "version": "1.3.2",
              "from": "punycode@1.3.2",
              "resolved": "https://registry.npmjs.org/punycode/-/punycode-1.3.2.tgz"
            }
          }
        },
        "http-signature": {
          "version": "0.10.1",
          "from": "https://registry.npmjs.org/http-signature/-/http-signature-0.10.1.tgz",
          "resolved": "https://registry.npmjs.org/http-signature/-/http-signature-0.10.1.tgz",
          "dependencies": {
            "assert-plus": {
              "version": "0.1.5",
              "from": "https://registry.npmjs.org/assert-plus/-/assert-plus-0.1.5.tgz",
              "resolved": "https://registry.npmjs.org/assert-plus/-/assert-plus-0.1.5.tgz"
            },
            "asn1": {
              "version": "0.1.11",
              "from": "https://registry.npmjs.org/asn1/-/asn1-0.1.11.tgz",
              "resolved": "https://registry.npmjs.org/asn1/-/asn1-0.1.11.tgz"
            },
            "ctype": {
              "version": "0.5.3",
              "from": "ctype@0.5.3",
              "resolved": "https://registry.npmjs.org/ctype/-/ctype-0.5.3.tgz"
            }
          }
        },
        "oauth-sign": {
          "version": "0.5.0",
          "from": "oauth-sign@0.5.0",
          "resolved": "https://registry.npmjs.org/oauth-sign/-/oauth-sign-0.5.0.tgz"
        },
        "hawk": {
          "version": "1.1.1",
          "from": "https://registry.npmjs.org/hawk/-/hawk-1.1.1.tgz",
          "resolved": "https://registry.npmjs.org/hawk/-/hawk-1.1.1.tgz",
          "dependencies": {
            "hoek": {
              "version": "0.9.1",
              "from": "hoek@0.9.1",
              "resolved": "https://registry.npmjs.org/hoek/-/hoek-0.9.1.tgz"
            },
            "boom": {
              "version": "0.4.2",
              "from": "boom@0.4.2",
              "resolved": "https://registry.npmjs.org/boom/-/boom-0.4.2.tgz"
            },
            "cryptiles": {
              "version": "0.2.2",
              "from": "cryptiles@0.2.2",
              "resolved": "https://registry.npmjs.org/cryptiles/-/cryptiles-0.2.2.tgz"
            },
            "sntp": {
              "version": "0.2.4",
              "from": "sntp@0.2.4",
              "resolved": "https://registry.npmjs.org/sntp/-/sntp-0.2.4.tgz"
            }
          }
        },
        "aws-sign2": {
          "version": "0.5.0",
          "from": "https://registry.npmjs.org/aws-sign2/-/aws-sign2-0.5.0.tgz",
          "resolved": "https://registry.npmjs.org/aws-sign2/-/aws-sign2-0.5.0.tgz"
        },
        "stringstream": {
          "version": "0.0.4",
          "from": "https://registry.npmjs.org/stringstream/-/stringstream-0.0.4.tgz",
          "resolved": "https://registry.npmjs.org/stringstream/-/stringstream-0.0.4.tgz"
        },
        "combined-stream": {
          "version": "0.0.7",
          "from": "combined-stream@0.0.7",
          "resolved": "https://registry.npmjs.org/combined-stream/-/combined-stream-0.0.7.tgz",
          "dependencies": {
            "delayed-stream": {
              "version": "0.0.5",
              "from": "https://registry.npmjs.org/delayed-stream/-/delayed-stream-0.0.5.tgz",
              "resolved": "https://registry.npmjs.org/delayed-stream/-/delayed-stream-0.0.5.tgz"
            }
          }
        }
      }
    },
    "twitter": {
      "version": "1.2.5",
      "from": "twitter@1.2.5",
      "resolved": "https://registry.npmjs.org/twitter/-/twitter-1.2.5.tgz",
      "dependencies": {
        "deep-extend": {
          "version": "0.3.3",
          "from": "deep-extend@^0.3.2",
          "resolved": "https://registry.npmjs.org/deep-extend/-/deep-extend-0.3.3.tgz"
        }
      }
    },
    "utm-converter": {
      "version": "0.1.1",
      "from": "utm-converter@",
      "resolved": "https://registry.npmjs.org/utm-converter/-/utm-converter-0.1.1.tgz"
    },
    "uuid": {
      "version": "1.4.2",
      "from": "https://registry.npmjs.org/uuid/-/uuid-1.4.2.tgz",
      "resolved": "https://registry.npmjs.org/uuid/-/uuid-1.4.2.tgz"
    },
    "smpp": {
      "version": "0.3.1",
      "from": "https://registry.npmjs.org/smpp/-/smpp-0.3.1.tgz",
      "resolved": "https://registry.npmjs.org/smpp/-/smpp-0.3.1.tgz"
    }
  }
}
